
Microsoft Visual Studio Solution File, Format Version 12.00
# Visual Studio Version 16
VisualStudioVersion = 16.0.30907.101
MinimumVisualStudioVersion = 10.0.40219.1
Project("{FAE04EC0-301F-11D3-BF4B-00C04F79EFBC}") = "ProjetoAula05", "ProjetoAula05\ProjetoAula05.csproj", "{128ACBF3-771C-4949-A59A-5DF687968EC0}"
EndProject
Global
	GlobalSection(SolutionConfigurationPlatforms) = preSolution
		Debug|Any CPU = Debug|Any CPU
		Release|Any CPU = Release|Any CPU
	EndGlobalSection
	GlobalSection(ProjectConfigurationPlatforms) = postSolution
		{128ACBF3-771C-4949-A59A-5DF687968EC0}.Debug|Any CPU.ActiveCfg = Debug|Any CPU
		{128ACBF3-771C-4949-A59A-5DF687968EC0}.Debug|Any CPU.Build.0 = Debug|Any CPU
		{128ACBF3-771C-4949-A59A-5DF687968EC0}.Release|Any CPU.ActiveCfg = Release|Any CPU
		{128ACBF3-771C-4949-A59A-5DF687968EC0}.Release|Any CPU.Build.0 = Release|Any CPU
	EndGlobalSection
	GlobalSection(SolutionProperties) = preSolution
		HideSolutionNode = FALSE
	EndGlobalSection
	GlobalSection(ExtensibilityGlobals) = postSolution
		SolutionGuid = {34C100B6-A2B8-4354-9416-06BC529DE6D4}
	EndGlobalSection
EndGlobal
